# This file is automatically @generated by Poetry 1.4.2 and should not be changed by hand.

[[package]]
name = "arxiv"
version = "1.4.7"
description = "Python wrapper for the arXiv API: http://arxiv.org/help/api/"
category = "main"
optional = false
python-versions = ">=3.7"
files = [
    {file = "arxiv-1.4.7-py3-none-any.whl", hash = "sha256:22b8f610957bb6859a25fac9dc205ab6ba76d521791119a5762ea52625e398a0"},
    {file = "arxiv-1.4.7.tar.gz", hash = "sha256:100c8d6b9cd04c7f55f11b34616beb7a1623ab0564b66161b4aeeeb8912c5806"},
]

[package.dependencies]
feedparser = "*"

[[package]]
name = "feedparser"
version = "6.0.10"
description = "Universal feed parser, handles RSS 0.9x, RSS 1.0, RSS 2.0, CDF, Atom 0.3, and Atom 1.0 feeds"
category = "main"
optional = false
python-versions = ">=3.6"
files = [
    {file = "feedparser-6.0.10-py3-none-any.whl", hash = "sha256:79c257d526d13b944e965f6095700587f27388e50ea16fd245babe4dfae7024f"},
    {file = "feedparser-6.0.10.tar.gz", hash = "sha256:27da485f4637ce7163cdeab13a80312b93b7d0c1b775bef4a47629a3110bca51"},
]

[package.dependencies]
sgmllib3k = "*"

[[package]]
name = "sgmllib3k"
version = "1.0.0"
description = "Py3k port of sgmllib."
category = "main"
optional = false
python-versions = "*"
files = [
    {file = "sgmllib3k-1.0.0.tar.gz", hash = "sha256:7868fb1c8bfa764c1ac563d3cf369c381d1325d36124933a726f29fcdaa812e9"},
]

[metadata]
lock-version = "2.0"
python-versions = "^3.10"
content-hash = "e185cd690ffb56d83c7286cd2dd56a99157960ade077899fc29951bc29b0c3b9"
